
Microsoft Visual Studio Solution File, Format Version 12.00
# Visual Studio Version 17
VisualStudioVersion = 17.7.34024.191
MinimumVisualStudioVersion = 10.0.40219.1
Project("{FAE04EC0-301F-11D3-BF4B-00C04F79EFBC}") = "R3D", "R3D\R3D.csproj", "{E719E462-E96B-431A-9C45-CE2E5D07E22F}"
EndProject
Global
	GlobalSection(SolutionConfigurationPlatforms) = preSolution
		Debug|Any CPU = Debug|Any CPU
		Release|Any CPU = Release|Any CPU
	EndGlobalSection
	GlobalSection(ProjectConfigurationPlatforms) = postSolution
		{E719E462-E96B-431A-9C45-CE2E5D07E22F}.Debug|Any CPU.ActiveCfg = Debug|Any CPU
		{E719E462-E96B-431A-9C45-CE2E5D07E22F}.Debug|Any CPU.Build.0 = Debug|Any CPU
		{E719E462-E96B-431A-9C45-CE2E5D07E22F}.Release|Any CPU.ActiveCfg = Release|Any CPU
		{E719E462-E96B-431A-9C45-CE2E5D07E22F}.Release|Any CPU.Build.0 = Release|Any CPU
	EndGlobalSection
	GlobalSection(SolutionProperties) = preSolution
		HideSolutionNode = FALSE
	EndGlobalSection
	GlobalSection(ExtensibilityGlobals) = postSolution
		SolutionGuid = {DB032303-A059-4A7C-B914-9EF35920C031}
	EndGlobalSection
EndGlobal
